
Microsoft Visual Studio Solution File, Format Version 12.00
# Visual Studio Version 17
VisualStudioVersion = 17.7.34024.191
MinimumVisualStudioVersion = 10.0.40219.1
Project("{FAE04EC0-301F-11D3-BF4B-00C04F79EFBC}") = "Introduction.Loop.Step1", "Introduction.Loop.Step1\Introduction.Loop.Step1.csproj", "{5991B664-B00B-4D85-85C0-D223DCEF8BD1}"
EndProject
Project("{FAE04EC0-301F-11D3-BF4B-00C04F79EFBC}") = "Introduction.If.Step1", "Introduction.If.Step1\Introduction.If.Step1.csproj", "{CABCD8D4-FD49-407F-92E9-852B26445111}"
EndProject
Global
	GlobalSection(SolutionConfigurationPlatforms) = preSolution
		Debug|Any CPU = Debug|Any CPU
		Release|Any CPU = Release|Any CPU
	EndGlobalSection
	GlobalSection(ProjectConfigurationPlatforms) = postSolution
		{5991B664-B00B-4D85-85C0-D223DCEF8BD1}.Debug|Any CPU.ActiveCfg = Debug|Any CPU
		{5991B664-B00B-4D85-85C0-D223DCEF8BD1}.Debug|Any CPU.Build.0 = Debug|Any CPU
		{5991B664-B00B-4D85-85C0-D223DCEF8BD1}.Release|Any CPU.ActiveCfg = Release|Any CPU
		{5991B664-B00B-4D85-85C0-D223DCEF8BD1}.Release|Any CPU.Build.0 = Release|Any CPU
		{CABCD8D4-FD49-407F-92E9-852B26445111}.Debug|Any CPU.ActiveCfg = Debug|Any CPU
		{CABCD8D4-FD49-407F-92E9-852B26445111}.Debug|Any CPU.Build.0 = Debug|Any CPU
		{CABCD8D4-FD49-407F-92E9-852B26445111}.Release|Any CPU.ActiveCfg = Release|Any CPU
		{CABCD8D4-FD49-407F-92E9-852B26445111}.Release|Any CPU.Build.0 = Release|Any CPU
	EndGlobalSection
	GlobalSection(SolutionProperties) = preSolution
		HideSolutionNode = FALSE
	EndGlobalSection
	GlobalSection(ExtensibilityGlobals) = postSolution
		SolutionGuid = {666345FB-2FD9-4C50-88F9-B8C8E0A644D1}
	EndGlobalSection
EndGlobal
